{
  "name": "Skote-Vite-React",
  "version": "1.0.0",
  "lockfileVersion": 1,
  "requires": true,
  "dependencies": {
    "@nangohq/frontend": {
      "version": "0.42.18",
      "resolved": "https://registry.npmjs.org/@nangohq/frontend/-/frontend-0.42.18.tgz",
      "integrity": "sha512-6tmM2GtYdfvxv6+0q73uYRWmO4Ic86vQEB8wpHZqDfrk3foe93CMyApD8dldTGpTOxSJiu8zugYq+Jf4usn4kg=="
    }
  }
}
